<?xml version="1.0" encoding="utf-8"?>
<Project ToolsVersion="4.0" xmlns="http://schemas.microsoft.com/developer/msbuild/2003">
  <ItemGroup>
    <Filter Include="Programmers">
      <UniqueIdentifier>{7efcbdc2-0429-45f2-af57-fd75ea1a2257}</UniqueIdentifier>
    </Filter>
    <Filter Include="Programmers\Level2">
      <UniqueIdentifier>{5b292210-004b-4e5a-9a29-55d92347f885}</UniqueIdentifier>
    </Filter>
    <Filter Include="BOJ">
      <UniqueIdentifier>{d2d49d14-1276-48f5-a27d-fc5974489319}</UniqueIdentifier>
    </Filter>
    <Filter Include="BOJ\Silver">
      <UniqueIdentifier>{c70be136-233b-45fc-be72-126b48f9dc4b}</UniqueIdentifier>
    </Filter>
    <Filter Include="BOJ\Bronze">
      <UniqueIdentifier>{7f3b8775-d90f-4fd4-a7ad-8d086490ab65}</UniqueIdentifier>
    </Filter>
    <Filter Include="BOJ\Gold">
      <UniqueIdentifier>{bc260f41-d008-4198-995d-8dac49bc0a1d}</UniqueIdentifier>
    </Filter>
    <Filter Include="이코테">
      <UniqueIdentifier>{32581af1-8595-4947-8ce3-c9c629c1beca}</UniqueIdentifier>
    </Filter>
    <Filter Include="이코테\01. Greedy">
      <UniqueIdentifier>{dc9ce65a-59a7-4273-b282-58d75e44cc23}</UniqueIdentifier>
    </Filter>
  </ItemGroup>
  <ItemGroup>
    <ClCompile Include="BOJ\1712.cpp">
      <Filter>BOJ\Bronze</Filter>
    </ClCompile>
    <ClCompile Include="BOJ\2941.cpp">
      <Filter>BOJ\Silver</Filter>
    </ClCompile>
    <ClCompile Include="BOJ\1316.cpp">
      <Filter>BOJ\Silver</Filter>
    </ClCompile>
    <ClCompile Include="Programmers\Level2\Two_Queue.cpp">
      <Filter>Programmers\Level2</Filter>
    </ClCompile>
    <ClCompile Include="Programmers\Level2\K_Notation_Prime_Number.cpp">
      <Filter>Programmers\Level2</Filter>
    </ClCompile>
    <ClCompile Include="Programmers\Level2\Parking_Fee.cpp">
      <Filter>Programmers\Level2</Filter>
    </ClCompile>
    <ClCompile Include="BOJ\2292.cpp">
      <Filter>BOJ\Bronze</Filter>
    </ClCompile>
    <ClCompile Include="BOJ\2750.cpp">
      <Filter>BOJ\Bronze</Filter>
    </ClCompile>
    <ClCompile Include="BOJ\2751.cpp">
      <Filter>BOJ\Silver</Filter>
    </ClCompile>
    <ClCompile Include="BOJ\10989.cpp">
      <Filter>BOJ\Bronze</Filter>
    </ClCompile>
    <ClCompile Include="BOJ\16120.cpp">
      <Filter>BOJ\Gold</Filter>
    </ClCompile>
    <ClCompile Include="BOJ\25501.cpp">
      <Filter>BOJ\Bronze</Filter>
    </ClCompile>
    <ClCompile Include="BOJ\24060.cpp">
      <Filter>BOJ\Silver</Filter>
    </ClCompile>
    <ClCompile Include="2447.cpp">
      <Filter>BOJ\Silver</Filter>
    </ClCompile>
    <ClCompile Include="3_2.cpp">
      <Filter>이코테\01. Greedy</Filter>
    </ClCompile>
    <ClCompile Include="3_3.cpp">
      <Filter>이코테\01. Greedy</Filter>
    </ClCompile>
    <ClCompile Include="3_4.cpp">
      <Filter>이코테\01. Greedy</Filter>
    </ClCompile>
  </ItemGroup>
  <ItemGroup>
    <None Include="..\README.md" />
  </ItemGroup>
</Project>